// !$*UTF8*$!
{
	archiveVersion = 1;
	classes = {
	};
	objectVersion = 46;
	objects = {

/* Begin PBXBuildFile section */
		1F0D397D1D35DDC400C84E61 /* PostsListTableViewCell.swift in Sources */ = {isa = PBXBuildFile; fileRef = 1F0D397C1D35DDC400C84E61 /* PostsListTableViewCell.swift */; };
		1F4498291D3581FF008BCD1B /* AppDelegate.swift in Sources */ = {isa = PBXBuildFile; fileRef = 1F4498281D3581FF008BCD1B /* AppDelegate.swift */; };
		1F44982E1D3581FF008BCD1B /* Main.storyboard in Resources */ = {isa = PBXBuildFile; fileRef = 1F44982C1D3581FF008BCD1B /* Main.storyboard */; };
		1F4498301D3581FF008BCD1B /* Assets.xcassets in Resources */ = {isa = PBXBuildFile; fileRef = 1F44982F1D3581FF008BCD1B /* Assets.xcassets */; };
		1F4498331D3581FF008BCD1B /* LaunchScreen.storyboard in Resources */ = {isa = PBXBuildFile; fileRef = 1F4498311D3581FF008BCD1B /* LaunchScreen.storyboard */; };
		1F44983B1D3583BC008BCD1B /* NetworkController.swift in Sources */ = {isa = PBXBuildFile; fileRef = 1F44983A1D3583BC008BCD1B /* NetworkController.swift */; };
		1F44983E1D35840E008BCD1B /* Post.swift in Sources */ = {isa = PBXBuildFile; fileRef = 1F44983D1D35840E008BCD1B /* Post.swift */; };
		1F4498411D358B09008BCD1B /* PostController.swift in Sources */ = {isa = PBXBuildFile; fileRef = 1F4498401D358B09008BCD1B /* PostController.swift */; };
		1F4498431D359043008BCD1B /* PostsListTableViewController.swift in Sources */ = {isa = PBXBuildFile; fileRef = 1F4498421D359043008BCD1B /* PostsListTableViewController.swift */; };
/* End PBXBuildFile section */

/* Begin PBXFileReference section */
		1F0D397C1D35DDC400C84E61 /* PostsListTableViewCell.swift */ = {isa = PBXFileReference; fileEncoding = 4; lastKnownFileType = sourcecode.swift; path = PostsListTableViewCell.swift; sourceTree = "<group>"; };
		1F4498251D3581FF008BCD1B /* Post.app */ = {isa = PBXFileReference; explicitFileType = wrapper.application; includeInIndex = 0; path = Post.app; sourceTree = BUILT_PRODUCTS_DIR; };
		1F4498281D3581FF008BCD1B /* AppDelegate.swift */ = {isa = PBXFileReference; lastKnownFileType = sourcecode.swift; path = AppDelegate.swift; sourceTree = "<group>"; };
		1F44982D1D3581FF008BCD1B /* Base */ = {isa = PBXFileReference; lastKnownFileType = file.storyboard; name = Base; path = Base.lproj/Main.storyboard; sourceTree = "<group>"; };
		1F44982F1D3581FF008BCD1B /* Assets.xcassets */ = {isa = PBXFileReference; lastKnownFileType = folder.assetcatalog; path = Assets.xcassets; sourceTree = "<group>"; };
		1F4498321D3581FF008BCD1B /* Base */ = {isa = PBXFileReference; lastKnownFileType = file.storyboard; name = Base; path = Base.lproj/LaunchScreen.storyboard; sourceTree = "<group>"; };
		1F4498341D3581FF008BCD1B /* Info.plist */ = {isa = PBXFileReference; lastKnownFileType = text.plist.xml; path = Info.plist; sourceTree = "<group>"; };
		1F44983A1D3583BC008BCD1B /* NetworkController.swift */ = {isa = PBXFileReference; fileEncoding = 4; lastKnownFileType = sourcecode.swift; path = NetworkController.swift; sourceTree = "<group>"; };
		1F44983D1D35840E008BCD1B /* Post.swift */ = {isa = PBXFileReference; fileEncoding = 4; lastKnownFileType = sourcecode.swift; path = Post.swift; sourceTree = "<group>"; };
		1F4498401D358B09008BCD1B /* PostController.swift */ = {isa = PBXFileReference; fileEncoding = 4; lastKnownFileType = sourcecode.swift; path = PostController.swift; sourceTree = "<group>"; };
		1F4498421D359043008BCD1B /* PostsListTableViewController.swift */ = {isa = PBXFileReference; fileEncoding = 4; lastKnownFileType = sourcecode.swift; path = PostsListTableViewController.swift; sourceTree = "<group>"; };
/* End PBXFileReference section */

/* Begin PBXFrameworksBuildPhase section */
		1F4498221D3581FF008BCD1B /* Frameworks */ = {
			isa = PBXFrameworksBuildPhase;
			buildActionMask = 2147483647;
			files = (
			);
			runOnlyForDeploymentPostprocessing = 0;
		};
/* End PBXFrameworksBuildPhase section */

/* Begin PBXGroup section */
		1F44981C1D3581FF008BCD1B = {
			isa = PBXGroup;
			children = (
				1F4498271D3581FF008BCD1B /* Post */,
				1F4498261D3581FF008BCD1B /* Products */,
			);
			sourceTree = "<group>";
		};
		1F4498261D3581FF008BCD1B /* Products */ = {
			isa = PBXGroup;
			children = (
				1F4498251D3581FF008BCD1B /* Post.app */,
			);
			name = Products;
			sourceTree = "<group>";
		};
		1F4498271D3581FF008BCD1B /* Post */ = {
			isa = PBXGroup;
			children = (
				1F4498281D3581FF008BCD1B /* AppDelegate.swift */,
				1F44983F1D358412008BCD1B /* Model */,
				1F44983C1D3583C8008BCD1B /* ModelController */,
				1F4498441D35904F008BCD1B /* ViewController */,
				1F44982C1D3581FF008BCD1B /* Main.storyboard */,
				1F44982F1D3581FF008BCD1B /* Assets.xcassets */,
				1F4498311D3581FF008BCD1B /* LaunchScreen.storyboard */,
				1F4498341D3581FF008BCD1B /* Info.plist */,
			);
			path = Post;
			sourceTree = "<group>";
		};
		1F44983C1D3583C8008BCD1B /* ModelController */ = {
			isa = PBXGroup;
			children = (
				1F44983A1D3583BC008BCD1B /* NetworkController.swift */,
				1F4498401D358B09008BCD1B /* PostController.swift */,
			);
			name = ModelController;
			sourceTree = "<group>";
		};
		1F44983F1D358412008BCD1B /* Model */ = {
			isa = PBXGroup;
			children = (
				1F44983D1D35840E008BCD1B /* Post.swift */,
			);
			name = Model;
			sourceTree = "<group>";
		};
		1F4498441D35904F008BCD1B /* ViewController */ = {
			isa = PBXGroup;
			children = (
				1F4498421D359043008BCD1B /* PostsListTableViewController.swift */,
				1F0D397C1D35DDC400C84E61 /* PostsListTableViewCell.swift */,
			);
			name = ViewController;
			sourceTree = "<group>";
		};
/* End PBXGroup section */

/* Begin PBXNativeTarget section */
		1F4498241D3581FF008BCD1B /* Post */ = {
			isa = PBXNativeTarget;
			buildConfigurationList = 1F4498371D3581FF008BCD1B /* Build configuration list for PBXNativeTarget "Post" */;
			buildPhases = (
				1F4498211D3581FF008BCD1B /* Sources */,
				1F4498221D3581FF008BCD1B /* Frameworks */,
				1F4498231D3581FF008BCD1B /* Resources */,
			);
			buildRules = (
			);
			dependencies = (
			);
			name = Post;
			productName = Post;
			productReference = 1F4498251D3581FF008BCD1B /* Post.app */;
			productType = "com.apple.product-type.application";
		};
/* End PBXNativeTarget section */

/* Begin PBXProject section */
		1F44981D1D3581FF008BCD1B /* Project object */ = {
			isa = PBXProject;
			attributes = {
				LastSwiftUpdateCheck = 0730;
				LastUpgradeCheck = 0730;
				ORGANIZATIONNAME = JCN;
				TargetAttributes = {
					1F4498241D3581FF008BCD1B = {
						CreatedOnToolsVersion = 7.3.1;
					};
				};
			};
			buildConfigurationList = 1F4498201D3581FF008BCD1B /* Build configuration list for PBXProject "Post" */;
			compatibilityVersion = "Xcode 3.2";
			developmentRegion = English;
			hasScannedForEncodings = 0;
			knownRegions = (
				en,
				Base,
			);
			mainGroup = 1F44981C1D3581FF008BCD1B;
			productRefGroup = 1F4498261D3581FF008BCD1B /* Products */;
			projectDirPath = "";
			projectRoot = "";
			targets = (
				1F4498241D3581FF008BCD1B /* Post */,
			);
		};
/* End PBXProject section */

/* Begin PBXResourcesBuildPhase section */
		1F4498231D3581FF008BCD1B /* Resources */ = {
			isa = PBXResourcesBuildPhase;
			buildActionMask = 2147483647;
			files = (
				1F4498331D3581FF008BCD1B /* LaunchScreen.storyboard in Resources */,
				1F4498301D3581FF008BCD1B /* Assets.xcassets in Resources */,
				1F44982E1D3581FF008BCD1B /* Main.storyboard in Resources */,
			);
			runOnlyForDeploymentPostprocessing = 0;
		};
/* End PBXResourcesBuildPhase section */

/* Begin PBXSourcesBuildPhase section */
		1F4498211D3581FF008BCD1B /* Sources */ = {
			isa = PBXSourcesBuildPhase;
			buildActionMask = 2147483647;
			files = (
				1F44983E1D35840E008BCD1B /* Post.swift in Sources */,
				1F4498431D359043008BCD1B /* PostsListTableViewController.swift in Sources */,
				1F4498411D358B09008BCD1B /* PostController.swift in Sources */,
				1F44983B1D3583BC008BCD1B /* NetworkController.swift in Sources */,
				1F4498291D3581FF008BCD1B /* AppDelegate.swift in Sources */,
				1F0D397D1D35DDC400C84E61 /* PostsListTableViewCell.swift in Sources */,
			);
			runOnlyForDeploymentPostprocessing = 0;
		};
/* End PBXSourcesBuildPhase section */

/* Begin PBXVariantGroup section */
		1F44982C1D3581FF008BCD1B /* Main.storyboard */ = {
			isa = PBXVariantGroup;
			children = (
				1F44982D1D3581FF008BCD1B /* Base */,
			);
			name = Main.storyboard;
			sourceTree = "<group>";
		};
		1F4498311D3581FF008BCD1B /* LaunchScreen.storyboard */ = {
			isa = PBXVariantGroup;
			children = (
				1F4498321D3581FF008BCD1B /* Base */,
			);
			name = LaunchScreen.storyboard;
			sourceTree = "<group>";
		};
/* End PBXVariantGroup section */

/* Begin XCBuildConfiguration section */
		1F4498351D3581FF008BCD1B /* Debug */ = {
			isa = XCBuildConfiguration;
			buildSettings = {
				ALWAYS_SEARCH_USER_PATHS = NO;
				CLANG_ANALYZER_NONNULL = YES;
				CLANG_CXX_LANGUAGE_STANDARD = "gnu++0x";
				CLANG_CXX_LIBRARY = "libc++";
				CLANG_ENABLE_MODULES = YES;
				CLANG_ENABLE_OBJC_ARC = YES;
				CLANG_WARN_BOOL_CONVERSION = YES;
				CLANG_WARN_CONSTANT_CONVERSION = YES;
				CLANG_WARN_DIRECT_OBJC_ISA_USAGE = YES_ERROR;
				CLANG_WARN_EMPTY_BODY = YES;
				CLANG_WARN_ENUM_CONVERSION = YES;
				CLANG_WARN_INT_CONVERSION = YES;
				CLANG_WARN_OBJC_ROOT_CLASS = YES_ERROR;
				CLANG_WARN_UNREACHABLE_CODE = YES;
				CLANG_WARN__DUPLICATE_METHOD_MATCH = YES;
				"CODE_SIGN_IDENTITY[sdk=iphoneos*]" = "iPhone Developer";
				COPY_PHASE_STRIP = NO;
				DEBUG_INFORMATION_FORMAT = dwarf;
				ENABLE_STRICT_OBJC_MSGSEND = YES;
				ENABLE_TESTABILITY = YES;
				GCC_C_LANGUAGE_STANDARD = gnu99;
				GCC_DYNAMIC_NO_PIC = NO;
				GCC_NO_COMMON_BLOCKS = YES;
				GCC_OPTIMIZATION_LEVEL = 0;
				GCC_PREPROCESSOR_DEFINITIONS = (
					"DEBUG=1",
					"$(inherited)",
				);
				GCC_WARN_64_TO_32_BIT_CONVERSION = YES;
				GCC_WARN_ABOUT_RETURN_TYPE = YES_ERROR;
				GCC_WARN_UNDECLARED_SELECTOR = YES;
				GCC_WARN_UNINITIALIZED_AUTOS = YES_AGGRESSIVE;
				GCC_WARN_UNUSED_FUNCTION = YES;
				GCC_WARN_UNUSED_VARIABLE = YES;
				IPHONEOS_DEPLOYMENT_TARGET = 9.3;
				MTL_ENABLE_DEBUG_INFO = YES;
				ONLY_ACTIVE_ARCH = YES;
				SDKROOT = iphoneos;
				SWIFT_OPTIMIZATION_LEVEL = "-Onone";
				TARGETED_DEVICE_FAMILY = "1,2";
			};
			name = Debug;
		};
		1F4498361D3581FF008BCD1B /* Release */ = {
			isa = XCBuildConfiguration;
			buildSettings = {
				ALWAYS_SEARCH_USER_PATHS = NO;
				CLANG_ANALYZER_NONNULL = YES;
				CLANG_CXX_LANGUAGE_STANDARD = "gnu++0x";
				CLANG_CXX_LIBRARY = "libc++";
				CLANG_ENABLE_MODULES = YES;
				CLANG_ENABLE_OBJC_ARC = YES;
				CLANG_WARN_BOOL_CONVERSION = YES;
				CLANG_WARN_CONSTANT_CONVERSION = YES;
				CLANG_WARN_DIRECT_OBJC_ISA_USAGE = YES_ERROR;
				CLANG_WARN_EMPTY_BODY = YES;
				CLANG_WARN_ENUM_CONVERSION = YES;
				CLANG_WARN_INT_CONVERSION = YES;
				CLANG_WARN_OBJC_ROOT_CLASS = YES_ERROR;
				CLANG_WARN_UNREACHABLE_CODE = YES;
				CLANG_WARN__DUPLICATE_METHOD_MATCH = YES;
				"CODE_SIGN_IDENTITY[sdk=iphoneos*]" = "iPhone Developer";
				COPY_PHASE_STRIP = NO;
				DEBUG_INFORMATION_FORMAT = "dwarf-with-dsym";
				ENABLE_NS_ASSERTIONS = NO;
				ENABLE_STRICT_OBJC_MSGSEND = YES;
				GCC_C_LANGUAGE_STANDARD = gnu99;
				GCC_NO_COMMON_BLOCKS = YES;
				GCC_WARN_64_TO_32_BIT_CONVERSION = YES;
				GCC_WARN_ABOUT_RETURN_TYPE = YES_ERROR;
				GCC_WARN_UNDECLARED_SELECTOR = YES;
				GCC_WARN_UNINITIALIZED_AUTOS = YES_AGGRESSIVE;
				GCC_WARN_UNUSED_FUNCTION = YES;
				GCC_WARN_UNUSED_VARIABLE = YES;
				IPHONEOS_DEPLOYMENT_TARGET = 9.3;
				MTL_ENABLE_DEBUG_INFO = NO;
				SDKROOT = iphoneos;
				TARGETED_DEVICE_FAMILY = "1,2";
				VALIDATE_PRODUCT = YES;
			};
			name = Release;
		};
		1F4498381D3581FF008BCD1B /* Debug */ = {
			isa = XCBuildConfiguration;
			buildSettings = {
				ASSETCATALOG_COMPILER_APPICON_NAME = AppIcon;
				INFOPLIST_FILE = Post/Info.plist;
				LD_RUNPATH_SEARCH_PATHS = "$(inherited) @executable_path/Frameworks";
				PRODUCT_BUNDLE_IDENTIFIER = com.jcn.Post;
				PRODUCT_NAME = "$(TARGET_NAME)";
			};
			name = Debug;
		};
		1F4498391D3581FF008BCD1B /* Release */ = {
			isa = XCBuildConfiguration;
			buildSettings = {
				ASSETCATALOG_COMPILER_APPICON_NAME = AppIcon;
				INFOPLIST_FILE = Post/Info.plist;
				LD_RUNPATH_SEARCH_PATHS = "$(inherited) @executable_path/Frameworks";
				PRODUCT_BUNDLE_IDENTIFIER = com.jcn.Post;
				PRODUCT_NAME = "$(TARGET_NAME)";
			};
			name = Release;
		};
/* End XCBuildConfiguration section */

/* Begin XCConfigurationList section */
		1F4498201D3581FF008BCD1B /* Build configuration list for PBXProject "Post" */ = {
			isa = XCConfigurationList;
			buildConfigurations = (
				1F4498351D3581FF008BCD1B /* Debug */,
				1F4498361D3581FF008BCD1B /* Release */,
			);
			defaultConfigurationIsVisible = 0;
			defaultConfigurationName = Release;
		};
		1F4498371D3581FF008BCD1B /* Build configuration list for PBXNativeTarget "Post" */ = {
			isa = XCConfigurationList;
			buildConfigurations = (
				1F4498381D3581FF008BCD1B /* Debug */,
				1F4498391D3581FF008BCD1B /* Release */,
			);
			defaultConfigurationIsVisible = 0;
			defaultConfigurationName = Release;
		};
/* End XCConfigurationList section */
	};
	rootObject = 1F44981D1D3581FF008BCD1B /* Project object */;
}
